// !$*UTF8*$!
{
	archiveVersion = 1;
	classes = {
	};
	objectVersion = 48;
	objects = {

/* Begin PBXBuildFile section */
		3C2880281F84CE2A000C7BE5 /* inversion_tree.cpp in Sources */ = {isa = PBXBuildFile; fileRef = 3C2880161F84CE29000C7BE5 /* inversion_tree.cpp */; };
		3C2880291F84CE2A000C7BE5 /* sess.cpp in Sources */ = {isa = PBXBuildFile; fileRef = 3C2880181F84CE29000C7BE5 /* sess.cpp */; };
		3C28802A1F84CE2A000C7BE5 /* ikcp.cpp in Sources */ = {isa = PBXBuildFile; fileRef = 3C2880191F84CE29000C7BE5 /* ikcp.cpp */; };
		3C28802B1F84CE2A000C7BE5 /* galois.cpp in Sources */ = {isa = PBXBuildFile; fileRef = 3C28801C1F84CE29000C7BE5 /* galois.cpp */; };
		3C28802C1F84CE2A000C7BE5 /* reedsolomon.cpp in Sources */ = {isa = PBXBuildFile; fileRef = 3C28801D1F84CE29000C7BE5 /* reedsolomon.cpp */; };
		3C28802D1F84CE2A000C7BE5 /* galois_noasm.cpp in Sources */ = {isa = PBXBuildFile; fileRef = 3C2880201F84CE29000C7BE5 /* galois_noasm.cpp */; };
		3C28802E1F84CE2A000C7BE5 /* galois_table.cpp in Sources */ = {isa = PBXBuildFile; fileRef = 3C2880231F84CE2A000C7BE5 /* galois_table.cpp */; };
		3C28802F1F84CE2A000C7BE5 /* matrix.cpp in Sources */ = {isa = PBXBuildFile; fileRef = 3C2880251F84CE2A000C7BE5 /* matrix.cpp */; };
		3C2880301F84CE2A000C7BE5 /* fec.cpp in Sources */ = {isa = PBXBuildFile; fileRef = 3C2880261F84CE2A000C7BE5 /* fec.cpp */; };
		3C2880311F84CE2A000C7BE5 /* LibKcp.cpp in Sources */ = {isa = PBXBuildFile; fileRef = 3C2880271F84CE2A000C7BE5 /* LibKcp.cpp */; };
/* End PBXBuildFile section */

/* Begin PBXCopyFilesBuildPhase section */
		3C2880061F84CDE8000C7BE5 /* CopyFiles */ = {
			isa = PBXCopyFilesBuildPhase;
			buildActionMask = 2147483647;
			dstPath = "include/$(PRODUCT_NAME)";
			dstSubfolderSpec = 16;
			files = (
			);
			runOnlyForDeploymentPostprocessing = 0;
		};
/* End PBXCopyFilesBuildPhase section */

/* Begin PBXFileReference section */
		3C2880081F84CDE8000C7BE5 /* libKcpIOS.a */ = {isa = PBXFileReference; explicitFileType = archive.ar; includeInIndex = 0; path = libKcpIOS.a; sourceTree = BUILT_PRODUCTS_DIR; };
		3C2880141F84CE29000C7BE5 /* LibKcp.h */ = {isa = PBXFileReference; fileEncoding = 4; lastKnownFileType = sourcecode.c.h; name = LibKcp.h; path = ../../../Assets/Plugins/iOS/LibKcp/LibKcp.h; sourceTree = "<group>"; };
		3C2880151F84CE29000C7BE5 /* matrix.h */ = {isa = PBXFileReference; fileEncoding = 4; lastKnownFileType = sourcecode.c.h; name = matrix.h; path = ../../../Assets/Plugins/iOS/LibKcp/matrix.h; sourceTree = "<group>"; };
		3C2880161F84CE29000C7BE5 /* inversion_tree.cpp */ = {isa = PBXFileReference; fileEncoding = 4; lastKnownFileType = sourcecode.cpp.cpp; name = inversion_tree.cpp; path = ../../../Assets/Plugins/iOS/LibKcp/inversion_tree.cpp; sourceTree = "<group>"; };
		3C2880171F84CE29000C7BE5 /* reedsolomon.h */ = {isa = PBXFileReference; fileEncoding = 4; lastKnownFileType = sourcecode.c.h; name = reedsolomon.h; path = ../../../Assets/Plugins/iOS/LibKcp/reedsolomon.h; sourceTree = "<group>"; };
		3C2880181F84CE29000C7BE5 /* sess.cpp */ = {isa = PBXFileReference; fileEncoding = 4; lastKnownFileType = sourcecode.cpp.cpp; name = sess.cpp; path = ../../../Assets/Plugins/iOS/LibKcp/sess.cpp; sourceTree = "<group>"; };
		3C2880191F84CE29000C7BE5 /* ikcp.cpp */ = {isa = PBXFileReference; fileEncoding = 4; lastKnownFileType = sourcecode.cpp.cpp; name = ikcp.cpp; path = ../../../Assets/Plugins/iOS/LibKcp/ikcp.cpp; sourceTree = "<group>"; };
		3C28801A1F84CE29000C7BE5 /* ikcp.h */ = {isa = PBXFileReference; fileEncoding = 4; lastKnownFileType = sourcecode.c.h; name = ikcp.h; path = ../../../Assets/Plugins/iOS/LibKcp/ikcp.h; sourceTree = "<group>"; };
		3C28801B1F84CE29000C7BE5 /* galois_noasm.h */ = {isa = PBXFileReference; fileEncoding = 4; lastKnownFileType = sourcecode.c.h; name = galois_noasm.h; path = ../../../Assets/Plugins/iOS/LibKcp/galois_noasm.h; sourceTree = "<group>"; };
		3C28801C1F84CE29000C7BE5 /* galois.cpp */ = {isa = PBXFileReference; fileEncoding = 4; lastKnownFileType = sourcecode.cpp.cpp; name = galois.cpp; path = ../../../Assets/Plugins/iOS/LibKcp/galois.cpp; sourceTree = "<group>"; };
		3C28801D1F84CE29000C7BE5 /* reedsolomon.cpp */ = {isa = PBXFileReference; fileEncoding = 4; lastKnownFileType = sourcecode.cpp.cpp; name = reedsolomon.cpp; path = ../../../Assets/Plugins/iOS/LibKcp/reedsolomon.cpp; sourceTree = "<group>"; };
		3C28801E1F84CE29000C7BE5 /* sess.h */ = {isa = PBXFileReference; fileEncoding = 4; lastKnownFileType = sourcecode.c.h; name = sess.h; path = ../../../Assets/Plugins/iOS/LibKcp/sess.h; sourceTree = "<group>"; };
		3C28801F1F84CE29000C7BE5 /* encoding.h */ = {isa = PBXFileReference; fileEncoding = 4; lastKnownFileType = sourcecode.c.h; name = encoding.h; path = ../../../Assets/Plugins/iOS/LibKcp/encoding.h; sourceTree = "<group>"; };
		3C2880201F84CE29000C7BE5 /* galois_noasm.cpp */ = {isa = PBXFileReference; fileEncoding = 4; lastKnownFileType = sourcecode.cpp.cpp; name = galois_noasm.cpp; path = ../../../Assets/Plugins/iOS/LibKcp/galois_noasm.cpp; sourceTree = "<group>"; };
		3C2880211F84CE29000C7BE5 /* galois.h */ = {isa = PBXFileReference; fileEncoding = 4; lastKnownFileType = sourcecode.c.h; name = galois.h; path = ../../../Assets/Plugins/iOS/LibKcp/galois.h; sourceTree = "<group>"; };
		3C2880221F84CE2A000C7BE5 /* inversion_tree.h */ = {isa = PBXFileReference; fileEncoding = 4; lastKnownFileType = sourcecode.c.h; name = inversion_tree.h; path = ../../../Assets/Plugins/iOS/LibKcp/inversion_tree.h; sourceTree = "<group>"; };
		3C2880231F84CE2A000C7BE5 /* galois_table.cpp */ = {isa = PBXFileReference; fileEncoding = 4; lastKnownFileType = sourcecode.cpp.cpp; name = galois_table.cpp; path = ../../../Assets/Plugins/iOS/LibKcp/galois_table.cpp; sourceTree = "<group>"; };
		3C2880241F84CE2A000C7BE5 /* fec.h */ = {isa = PBXFileReference; fileEncoding = 4; lastKnownFileType = sourcecode.c.h; name = fec.h; path = ../../../Assets/Plugins/iOS/LibKcp/fec.h; sourceTree = "<group>"; };
		3C2880251F84CE2A000C7BE5 /* matrix.cpp */ = {isa = PBXFileReference; fileEncoding = 4; lastKnownFileType = sourcecode.cpp.cpp; name = matrix.cpp; path = ../../../Assets/Plugins/iOS/LibKcp/matrix.cpp; sourceTree = "<group>"; };
		3C2880261F84CE2A000C7BE5 /* fec.cpp */ = {isa = PBXFileReference; fileEncoding = 4; lastKnownFileType = sourcecode.cpp.cpp; name = fec.cpp; path = ../../../Assets/Plugins/iOS/LibKcp/fec.cpp; sourceTree = "<group>"; };
		3C2880271F84CE2A000C7BE5 /* LibKcp.cpp */ = {isa = PBXFileReference; fileEncoding = 4; lastKnownFileType = sourcecode.cpp.cpp; name = LibKcp.cpp; path = ../../../Assets/Plugins/iOS/LibKcp/LibKcp.cpp; sourceTree = "<group>"; };
/* End PBXFileReference section */

/* Begin PBXFrameworksBuildPhase section */
		3C2880051F84CDE8000C7BE5 /* Frameworks */ = {
			isa = PBXFrameworksBuildPhase;
			buildActionMask = 2147483647;
			files = (
			);
			runOnlyForDeploymentPostprocessing = 0;
		};
/* End PBXFrameworksBuildPhase section */

/* Begin PBXGroup section */
		3C287FFF1F84CDE8000C7BE5 = {
			isa = PBXGroup;
			children = (
				3C28800A1F84CDE8000C7BE5 /* KcpIOS */,
				3C2880091F84CDE8000C7BE5 /* Products */,
			);
			sourceTree = "<group>";
		};
		3C2880091F84CDE8000C7BE5 /* Products */ = {
			isa = PBXGroup;
			children = (
				3C2880081F84CDE8000C7BE5 /* libKcpIOS.a */,
			);
			name = Products;
			sourceTree = "<group>";
		};
		3C28800A1F84CDE8000C7BE5 /* KcpIOS */ = {
			isa = PBXGroup;
			children = (
				3C28801F1F84CE29000C7BE5 /* encoding.h */,
				3C2880261F84CE2A000C7BE5 /* fec.cpp */,
				3C2880241F84CE2A000C7BE5 /* fec.h */,
				3C2880201F84CE29000C7BE5 /* galois_noasm.cpp */,
				3C28801B1F84CE29000C7BE5 /* galois_noasm.h */,
				3C2880231F84CE2A000C7BE5 /* galois_table.cpp */,
				3C28801C1F84CE29000C7BE5 /* galois.cpp */,
				3C2880211F84CE29000C7BE5 /* galois.h */,
				3C2880191F84CE29000C7BE5 /* ikcp.cpp */,
				3C28801A1F84CE29000C7BE5 /* ikcp.h */,
				3C2880161F84CE29000C7BE5 /* inversion_tree.cpp */,
				3C2880221F84CE2A000C7BE5 /* inversion_tree.h */,
				3C2880271F84CE2A000C7BE5 /* LibKcp.cpp */,
				3C2880141F84CE29000C7BE5 /* LibKcp.h */,
				3C2880251F84CE2A000C7BE5 /* matrix.cpp */,
				3C2880151F84CE29000C7BE5 /* matrix.h */,
				3C28801D1F84CE29000C7BE5 /* reedsolomon.cpp */,
				3C2880171F84CE29000C7BE5 /* reedsolomon.h */,
				3C2880181F84CE29000C7BE5 /* sess.cpp */,
				3C28801E1F84CE29000C7BE5 /* sess.h */,
			);
			path = KcpIOS;
			sourceTree = "<group>";
		};
/* End PBXGroup section */

/* Begin PBXNativeTarget section */
		3C2880071F84CDE8000C7BE5 /* KcpIOS */ = {
			isa = PBXNativeTarget;
			buildConfigurationList = 3C2880111F84CDE8000C7BE5 /* Build configuration list for PBXNativeTarget "KcpIOS" */;
			buildPhases = (
				3C2880041F84CDE8000C7BE5 /* Sources */,
				3C2880051F84CDE8000C7BE5 /* Frameworks */,
				3C2880061F84CDE8000C7BE5 /* CopyFiles */,
			);
			buildRules = (
			);
			dependencies = (
			);
			name = KcpIOS;
			productName = KcpIOS;
			productReference = 3C2880081F84CDE8000C7BE5 /* libKcpIOS.a */;
			productType = "com.apple.product-type.library.static";
		};
/* End PBXNativeTarget section */

/* Begin PBXProject section */
		3C2880001F84CDE8000C7BE5 /* Project object */ = {
			isa = PBXProject;
			attributes = {
				LastUpgradeCheck = 0900;
				ORGANIZATIONNAME = "yang fan";
				TargetAttributes = {
					3C2880071F84CDE8000C7BE5 = {
						CreatedOnToolsVersion = 9.0;
						ProvisioningStyle = Automatic;
					};
				};
			};
			buildConfigurationList = 3C2880031F84CDE8000C7BE5 /* Build configuration list for PBXProject "KcpIOS" */;
			compatibilityVersion = "Xcode 8.0";
			developmentRegion = en;
			hasScannedForEncodings = 0;
			knownRegions = (
				en,
			);
			mainGroup = 3C287FFF1F84CDE8000C7BE5;
			productRefGroup = 3C2880091F84CDE8000C7BE5 /* Products */;
			projectDirPath = "";
			projectRoot = "";
			targets = (
				3C2880071F84CDE8000C7BE5 /* KcpIOS */,
			);
		};
/* End PBXProject section */

/* Begin PBXSourcesBuildPhase section */
		3C2880041F84CDE8000C7BE5 /* Sources */ = {
			isa = PBXSourcesBuildPhase;
			buildActionMask = 2147483647;
			files = (
				3C2880301F84CE2A000C7BE5 /* fec.cpp in Sources */,
				3C28802F1F84CE2A000C7BE5 /* matrix.cpp in Sources */,
				3C2880281F84CE2A000C7BE5 /* inversion_tree.cpp in Sources */,
				3C28802E1F84CE2A000C7BE5 /* galois_table.cpp in Sources */,
				3C2880311F84CE2A000C7BE5 /* LibKcp.cpp in Sources */,
				3C28802D1F84CE2A000C7BE5 /* galois_noasm.cpp in Sources */,
				3C28802A1F84CE2A000C7BE5 /* ikcp.cpp in Sources */,
				3C28802B1F84CE2A000C7BE5 /* galois.cpp in Sources */,
				3C28802C1F84CE2A000C7BE5 /* reedsolomon.cpp in Sources */,
				3C2880291F84CE2A000C7BE5 /* sess.cpp in Sources */,
			);
			runOnlyForDeploymentPostprocessing = 0;
		};
/* End PBXSourcesBuildPhase section */

/* Begin XCBuildConfiguration section */
		3C28800F1F84CDE8000C7BE5 /* Debug */ = {
			isa = XCBuildConfiguration;
			buildSettings = {
				ALWAYS_SEARCH_USER_PATHS = NO;
				CLANG_ANALYZER_NONNULL = YES;
				CLANG_ANALYZER_NUMBER_OBJECT_CONVERSION = YES_AGGRESSIVE;
				CLANG_CXX_LANGUAGE_STANDARD = "gnu++14";
				CLANG_CXX_LIBRARY = "libc++";
				CLANG_ENABLE_MODULES = YES;
				CLANG_ENABLE_OBJC_ARC = YES;
				CLANG_WARN_BLOCK_CAPTURE_AUTORELEASING = YES;
				CLANG_WARN_BOOL_CONVERSION = YES;
				CLANG_WARN_COMMA = YES;
				CLANG_WARN_CONSTANT_CONVERSION = YES;
				CLANG_WARN_DIRECT_OBJC_ISA_USAGE = YES_ERROR;
				CLANG_WARN_DOCUMENTATION_COMMENTS = YES;
				CLANG_WARN_EMPTY_BODY = YES;
				CLANG_WARN_ENUM_CONVERSION = YES;
				CLANG_WARN_INFINITE_RECURSION = YES;
				CLANG_WARN_INT_CONVERSION = YES;
				CLANG_WARN_NON_LITERAL_NULL_CONVERSION = YES;
				CLANG_WARN_OBJC_LITERAL_CONVERSION = YES;
				CLANG_WARN_OBJC_ROOT_CLASS = YES_ERROR;
				CLANG_WARN_RANGE_LOOP_ANALYSIS = YES;
				CLANG_WARN_STRICT_PROTOTYPES = YES;
				CLANG_WARN_SUSPICIOUS_MOVE = YES;
				CLANG_WARN_UNGUARDED_AVAILABILITY = YES_AGGRESSIVE;
				CLANG_WARN_UNREACHABLE_CODE = YES;
				CLANG_WARN__DUPLICATE_METHOD_MATCH = YES;
				CODE_SIGN_IDENTITY = "iPhone Developer";
				COPY_PHASE_STRIP = NO;
				DEBUG_INFORMATION_FORMAT = dwarf;
				ENABLE_STRICT_OBJC_MSGSEND = YES;
				ENABLE_TESTABILITY = YES;
				GCC_C_LANGUAGE_STANDARD = gnu11;
				GCC_DYNAMIC_NO_PIC = NO;
				GCC_NO_COMMON_BLOCKS = YES;
				GCC_OPTIMIZATION_LEVEL = 0;
				GCC_PREPROCESSOR_DEFINITIONS = (
					"DEBUG=1",
					"$(inherited)",
				);
				GCC_WARN_64_TO_32_BIT_CONVERSION = YES;
				GCC_WARN_ABOUT_RETURN_TYPE = YES_ERROR;
				GCC_WARN_UNDECLARED_SELECTOR = YES;
				GCC_WARN_UNINITIALIZED_AUTOS = YES_AGGRESSIVE;
				GCC_WARN_UNUSED_FUNCTION = YES;
				GCC_WARN_UNUSED_VARIABLE = YES;
				IPHONEOS_DEPLOYMENT_TARGET = 11.0;
				MTL_ENABLE_DEBUG_INFO = YES;
				ONLY_ACTIVE_ARCH = YES;
				SDKROOT = iphoneos;
			};
			name = Debug;
		};
		3C2880101F84CDE8000C7BE5 /* Release */ = {
			isa = XCBuildConfiguration;
			buildSettings = {
				ALWAYS_SEARCH_USER_PATHS = NO;
				CLANG_ANALYZER_NONNULL = YES;
				CLANG_ANALYZER_NUMBER_OBJECT_CONVERSION = YES_AGGRESSIVE;
				CLANG_CXX_LANGUAGE_STANDARD = "gnu++14";
				CLANG_CXX_LIBRARY = "libc++";
				CLANG_ENABLE_MODULES = YES;
				CLANG_ENABLE_OBJC_ARC = YES;
				CLANG_WARN_BLOCK_CAPTURE_AUTORELEASING = YES;
				CLANG_WARN_BOOL_CONVERSION = YES;
				CLANG_WARN_COMMA = YES;
				CLANG_WARN_CONSTANT_CONVERSION = YES;
				CLANG_WARN_DIRECT_OBJC_ISA_USAGE = YES_ERROR;
				CLANG_WARN_DOCUMENTATION_COMMENTS = YES;
				CLANG_WARN_EMPTY_BODY = YES;
				CLANG_WARN_ENUM_CONVERSION = YES;
				CLANG_WARN_INFINITE_RECURSION = YES;
				CLANG_WARN_INT_CONVERSION = YES;
				CLANG_WARN_NON_LITERAL_NULL_CONVERSION = YES;
				CLANG_WARN_OBJC_LITERAL_CONVERSION = YES;
				CLANG_WARN_OBJC_ROOT_CLASS = YES_ERROR;
				CLANG_WARN_RANGE_LOOP_ANALYSIS = YES;
				CLANG_WARN_STRICT_PROTOTYPES = YES;
				CLANG_WARN_SUSPICIOUS_MOVE = YES;
				CLANG_WARN_UNGUARDED_AVAILABILITY = YES_AGGRESSIVE;
				CLANG_WARN_UNREACHABLE_CODE = YES;
				CLANG_WARN__DUPLICATE_METHOD_MATCH = YES;
				CODE_SIGN_IDENTITY = "iPhone Developer";
				COPY_PHASE_STRIP = NO;
				DEBUG_INFORMATION_FORMAT = "dwarf-with-dsym";
				ENABLE_NS_ASSERTIONS = NO;
				ENABLE_STRICT_OBJC_MSGSEND = YES;
				GCC_C_LANGUAGE_STANDARD = gnu11;
				GCC_NO_COMMON_BLOCKS = YES;
				GCC_WARN_64_TO_32_BIT_CONVERSION = YES;
				GCC_WARN_ABOUT_RETURN_TYPE = YES_ERROR;
				GCC_WARN_UNDECLARED_SELECTOR = YES;
				GCC_WARN_UNINITIALIZED_AUTOS = YES_AGGRESSIVE;
				GCC_WARN_UNUSED_FUNCTION = YES;
				GCC_WARN_UNUSED_VARIABLE = YES;
				IPHONEOS_DEPLOYMENT_TARGET = 11.0;
				MTL_ENABLE_DEBUG_INFO = NO;
				SDKROOT = iphoneos;
				VALIDATE_PRODUCT = YES;
			};
			name = Release;
		};
		3C2880121F84CDE8000C7BE5 /* Debug */ = {
			isa = XCBuildConfiguration;
			buildSettings = {
				CODE_SIGN_STYLE = Automatic;
				OTHER_LDFLAGS = "-ObjC";
				PRODUCT_NAME = "$(TARGET_NAME)";
				SKIP_INSTALL = YES;
				TARGETED_DEVICE_FAMILY = "1,2";
			};
			name = Debug;
		};
		3C2880131F84CDE8000C7BE5 /* Release */ = {
			isa = XCBuildConfiguration;
			buildSettings = {
				CODE_SIGN_STYLE = Automatic;
				OTHER_LDFLAGS = "-ObjC";
				PRODUCT_NAME = "$(TARGET_NAME)";
				SKIP_INSTALL = YES;
				TARGETED_DEVICE_FAMILY = "1,2";
			};
			name = Release;
		};
/* End XCBuildConfiguration section */

/* Begin XCConfigurationList section */
		3C2880031F84CDE8000C7BE5 /* Build configuration list for PBXProject "KcpIOS" */ = {
			isa = XCConfigurationList;
			buildConfigurations = (
				3C28800F1F84CDE8000C7BE5 /* Debug */,
				3C2880101F84CDE8000C7BE5 /* Release */,
			);
			defaultConfigurationIsVisible = 0;
			defaultConfigurationName = Release;
		};
		3C2880111F84CDE8000C7BE5 /* Build configuration list for PBXNativeTarget "KcpIOS" */ = {
			isa = XCConfigurationList;
			buildConfigurations = (
				3C2880121F84CDE8000C7BE5 /* Debug */,
				3C2880131F84CDE8000C7BE5 /* Release */,
			);
			defaultConfigurationIsVisible = 0;
			defaultConfigurationName = Release;
		};
/* End XCConfigurationList section */
	};
	rootObject = 3C2880001F84CDE8000C7BE5 /* Project object */;
}
