
Microsoft Visual Studio Solution File, Format Version 12.00
# Visual Studio for Mac
Project("{FAE04EC0-301F-11D3-BF4B-00C04F79EFBC}") = "LibKcpUnity.Plugins", "LibKcpUnity.Plugins.csproj", "{98E21A84-0114-3F4B-4AC5-589FA574D237}"
EndProject
Project("{FAE04EC0-301F-11D3-BF4B-00C04F79EFBC}") = "LibKcpUnity", "LibKcpUnity.csproj", "{77BEB280-F780-0CE5-9311-7A48512B87BA}"
EndProject
Global
	GlobalSection(SolutionConfigurationPlatforms) = preSolution
		Debug|Any CPU = Debug|Any CPU
		Release|Any CPU = Release|Any CPU
	EndGlobalSection
	GlobalSection(ProjectConfigurationPlatforms) = postSolution
		{98E21A84-0114-3F4B-4AC5-589FA574D237}.Debug|Any CPU.ActiveCfg = Debug|Any CPU
		{98E21A84-0114-3F4B-4AC5-589FA574D237}.Debug|Any CPU.Build.0 = Debug|Any CPU
		{98E21A84-0114-3F4B-4AC5-589FA574D237}.Release|Any CPU.ActiveCfg = Release|Any CPU
		{98E21A84-0114-3F4B-4AC5-589FA574D237}.Release|Any CPU.Build.0 = Release|Any CPU
		{77BEB280-F780-0CE5-9311-7A48512B87BA}.Debug|Any CPU.ActiveCfg = Debug|Any CPU
		{77BEB280-F780-0CE5-9311-7A48512B87BA}.Debug|Any CPU.Build.0 = Debug|Any CPU
		{77BEB280-F780-0CE5-9311-7A48512B87BA}.Release|Any CPU.ActiveCfg = Release|Any CPU
		{77BEB280-F780-0CE5-9311-7A48512B87BA}.Release|Any CPU.Build.0 = Release|Any CPU
	EndGlobalSection
	GlobalSection(SolutionProperties) = preSolution
		HideSolutionNode = FALSE
	EndGlobalSection
EndGlobal
